
Microsoft Visual Studio Solution File, Format Version 12.00
# Visual Studio Version 16
VisualStudioVersion = 16.0.29806.167
MinimumVisualStudioVersion = 10.0.40219.1
Project("{8BC9CEB8-8B4A-11D0-8D11-00A0C91BC942}") = "FixerLocal", "FixerLocal.vcxproj", "{790FBBD0-F279-44EA-843D-DEEB714C48DE}"
EndProject
Global
	GlobalSection(SolutionConfigurationPlatforms) = preSolution
		Debug|x64 = Debug|x64
		Debug|x86 = Debug|x86
		Release|x64 = Release|x64
		Release|x86 = Release|x86
	EndGlobalSection
	GlobalSection(ProjectConfigurationPlatforms) = postSolution
		{790FBBD0-F279-44EA-843D-DEEB714C48DE}.Debug|x64.ActiveCfg = Debug|x64
		{790FBBD0-F279-44EA-843D-DEEB714C48DE}.Debug|x64.Build.0 = Debug|x64
		{790FBBD0-F279-44EA-843D-DEEB714C48DE}.Debug|x86.ActiveCfg = Debug|Win32
		{790FBBD0-F279-44EA-843D-DEEB714C48DE}.Debug|x86.Build.0 = Debug|Win32
		{790FBBD0-F279-44EA-843D-DEEB714C48DE}.Release|x64.ActiveCfg = Release|x64
		{790FBBD0-F279-44EA-843D-DEEB714C48DE}.Release|x64.Build.0 = Release|x64
		{790FBBD0-F279-44EA-843D-DEEB714C48DE}.Release|x86.ActiveCfg = Release|Win32
		{790FBBD0-F279-44EA-843D-DEEB714C48DE}.Release|x86.Build.0 = Release|Win32
	EndGlobalSection
	GlobalSection(SolutionProperties) = preSolution
		HideSolutionNode = FALSE
	EndGlobalSection
	GlobalSection(ExtensibilityGlobals) = postSolution
		SolutionGuid = {7A72BB25-1692-49A1-9F86-66A3EB815058}
	EndGlobalSection
EndGlobal
